// !$*UTF8*$!
{
	archiveVersion = 1;
	classes = {
	};
	objectVersion = 48;
	objects = {

/* Begin PBXBuildFile section */
		000463E01F8BD24600DF709F /* Helpers.swift in Sources */ = {isa = PBXBuildFile; fileRef = 000463DF1F8BD24600DF709F /* Helpers.swift */; };
		001033F21F91127D00A5072B /* OnboardingLocationViewController.swift in Sources */ = {isa = PBXBuildFile; fileRef = 001033F11F91127D00A5072B /* OnboardingLocationViewController.swift */; };
		00110A361F81475F00247EBC /* Alarm.wav in Resources */ = {isa = PBXBuildFile; fileRef = 00110A351F81475F00247EBC /* Alarm.wav */; };
		0012300B1F9F977D008CCB68 /* OnboardingWelcomeViewController.swift in Sources */ = {isa = PBXBuildFile; fileRef = 0012300A1F9F977D008CCB68 /* OnboardingWelcomeViewController.swift */; };
		0012300D1F9F9A79008CCB68 /* OnboardingTechViewController.swift in Sources */ = {isa = PBXBuildFile; fileRef = 0012300C1F9F9A79008CCB68 /* OnboardingTechViewController.swift */; };
		002F31001F6B166F003E5133 /* BagsTableViewController.swift in Sources */ = {isa = PBXBuildFile; fileRef = 002F30FF1F6B166F003E5133 /* BagsTableViewController.swift */; };
		002F31021F6B1856003E5133 /* Bag.swift in Sources */ = {isa = PBXBuildFile; fileRef = 002F31011F6B1856003E5133 /* Bag.swift */; };
		002F31041F6B2D3E003E5133 /* BagDetailTableViewController.swift in Sources */ = {isa = PBXBuildFile; fileRef = 002F31031F6B2D3E003E5133 /* BagDetailTableViewController.swift */; };
		002F31061F6B3479003E5133 /* DataModel.swift in Sources */ = {isa = PBXBuildFile; fileRef = 002F31051F6B3479003E5133 /* DataModel.swift */; };
		00334CC71FBDCB86000AE100 /* BagsTableViewControllerTests.swift in Sources */ = {isa = PBXBuildFile; fileRef = 00334CC61FBDCB86000AE100 /* BagsTableViewControllerTests.swift */; };
		0045FC051F8FBF77002EEB15 /* OnboardingPager.swift in Sources */ = {isa = PBXBuildFile; fileRef = 0045FC041F8FBF77002EEB15 /* OnboardingPager.swift */; };
		004B22381F91605300B16633 /* OnboardingPushViewController.swift in Sources */ = {isa = PBXBuildFile; fileRef = 004B22371F91605300B16633 /* OnboardingPushViewController.swift */; };
		008A01651F87F051007A1E7E /* Localizable.strings in Resources */ = {isa = PBXBuildFile; fileRef = 008A01671F87F051007A1E7E /* Localizable.strings */; };
		00AEE4CE1F6ADC6800B10697 /* AppDelegate.swift in Sources */ = {isa = PBXBuildFile; fileRef = 00AEE4CD1F6ADC6800B10697 /* AppDelegate.swift */; };
		00AEE4D31F6ADC6900B10697 /* Main.storyboard in Resources */ = {isa = PBXBuildFile; fileRef = 00AEE4D11F6ADC6900B10697 /* Main.storyboard */; };
		00AEE4D51F6ADC6900B10697 /* Assets.xcassets in Resources */ = {isa = PBXBuildFile; fileRef = 00AEE4D41F6ADC6900B10697 /* Assets.xcassets */; };
		00EA38541F730E9A00CDA981 /* BagCell.swift in Sources */ = {isa = PBXBuildFile; fileRef = 00EA38531F730E9A00CDA981 /* BagCell.swift */; };
		00FED6C11F9FA00C007A65A1 /* OnboardingReadyViewController.swift in Sources */ = {isa = PBXBuildFile; fileRef = 00FED6C01F9FA00C007A65A1 /* OnboardingReadyViewController.swift */; };
/* End PBXBuildFile section */

/* Begin PBXContainerItemProxy section */
		00334CC91FBDCB86000AE100 /* PBXContainerItemProxy */ = {
			isa = PBXContainerItemProxy;
			containerPortal = 00AEE4C21F6ADC6800B10697 /* Project object */;
			proxyType = 1;
			remoteGlobalIDString = 00AEE4C91F6ADC6800B10697;
			remoteInfo = BagTrack;
		};
/* End PBXContainerItemProxy section */

/* Begin PBXFileReference section */
		000463DF1F8BD24600DF709F /* Helpers.swift */ = {isa = PBXFileReference; lastKnownFileType = sourcecode.swift; path = Helpers.swift; sourceTree = "<group>"; };
		001033F11F91127D00A5072B /* OnboardingLocationViewController.swift */ = {isa = PBXFileReference; lastKnownFileType = sourcecode.swift; path = OnboardingLocationViewController.swift; sourceTree = "<group>"; };
		00110A351F81475F00247EBC /* Alarm.wav */ = {isa = PBXFileReference; lastKnownFileType = audio.wav; path = Alarm.wav; sourceTree = "<group>"; };
		0012300A1F9F977D008CCB68 /* OnboardingWelcomeViewController.swift */ = {isa = PBXFileReference; lastKnownFileType = sourcecode.swift; path = OnboardingWelcomeViewController.swift; sourceTree = "<group>"; };
		0012300C1F9F9A79008CCB68 /* OnboardingTechViewController.swift */ = {isa = PBXFileReference; lastKnownFileType = sourcecode.swift; path = OnboardingTechViewController.swift; sourceTree = "<group>"; };
		002F30FF1F6B166F003E5133 /* BagsTableViewController.swift */ = {isa = PBXFileReference; lastKnownFileType = sourcecode.swift; path = BagsTableViewController.swift; sourceTree = "<group>"; };
		002F31011F6B1856003E5133 /* Bag.swift */ = {isa = PBXFileReference; lastKnownFileType = sourcecode.swift; path = Bag.swift; sourceTree = "<group>"; };
		002F31031F6B2D3E003E5133 /* BagDetailTableViewController.swift */ = {isa = PBXFileReference; lastKnownFileType = sourcecode.swift; path = BagDetailTableViewController.swift; sourceTree = "<group>"; };
		002F31051F6B3479003E5133 /* DataModel.swift */ = {isa = PBXFileReference; lastKnownFileType = sourcecode.swift; path = DataModel.swift; sourceTree = "<group>"; };
		00334CC41FBDCB86000AE100 /* BagTrackTests.xctest */ = {isa = PBXFileReference; explicitFileType = wrapper.cfbundle; includeInIndex = 0; path = BagTrackTests.xctest; sourceTree = BUILT_PRODUCTS_DIR; };
		00334CC61FBDCB86000AE100 /* BagsTableViewControllerTests.swift */ = {isa = PBXFileReference; lastKnownFileType = sourcecode.swift; path = BagsTableViewControllerTests.swift; sourceTree = "<group>"; };
		00334CC81FBDCB86000AE100 /* Info.plist */ = {isa = PBXFileReference; lastKnownFileType = text.plist.xml; path = Info.plist; sourceTree = "<group>"; };
		003A75C41F9A8A5A00C95064 /* de */ = {isa = PBXFileReference; lastKnownFileType = text.plist.strings; name = de; path = de.lproj/Main.strings; sourceTree = "<group>"; };
		0045FC041F8FBF77002EEB15 /* OnboardingPager.swift */ = {isa = PBXFileReference; lastKnownFileType = sourcecode.swift; path = OnboardingPager.swift; sourceTree = "<group>"; };
		004B22371F91605300B16633 /* OnboardingPushViewController.swift */ = {isa = PBXFileReference; lastKnownFileType = sourcecode.swift; path = OnboardingPushViewController.swift; sourceTree = "<group>"; };
		008A01661F87F051007A1E7E /* en */ = {isa = PBXFileReference; lastKnownFileType = text.plist.strings; name = en; path = en.lproj/Localizable.strings; sourceTree = "<group>"; };
		008A01681F87F0BC007A1E7E /* de */ = {isa = PBXFileReference; lastKnownFileType = text.plist.strings; name = de; path = de.lproj/Localizable.strings; sourceTree = "<group>"; };
		00AEE4CA1F6ADC6800B10697 /* BagTrack.app */ = {isa = PBXFileReference; explicitFileType = wrapper.application; includeInIndex = 0; path = BagTrack.app; sourceTree = BUILT_PRODUCTS_DIR; };
		00AEE4CD1F6ADC6800B10697 /* AppDelegate.swift */ = {isa = PBXFileReference; lastKnownFileType = sourcecode.swift; path = AppDelegate.swift; sourceTree = "<group>"; };
		00AEE4D21F6ADC6900B10697 /* Base */ = {isa = PBXFileReference; lastKnownFileType = file.storyboard; name = Base; path = Base.lproj/Main.storyboard; sourceTree = "<group>"; };
		00AEE4D41F6ADC6900B10697 /* Assets.xcassets */ = {isa = PBXFileReference; lastKnownFileType = folder.assetcatalog; path = Assets.xcassets; sourceTree = "<group>"; };
		00AEE4D91F6ADC6900B10697 /* Info.plist */ = {isa = PBXFileReference; lastKnownFileType = text.plist.xml; path = Info.plist; sourceTree = "<group>"; };
		00EA38531F730E9A00CDA981 /* BagCell.swift */ = {isa = PBXFileReference; lastKnownFileType = sourcecode.swift; path = BagCell.swift; sourceTree = "<group>"; };
		00FED6C01F9FA00C007A65A1 /* OnboardingReadyViewController.swift */ = {isa = PBXFileReference; lastKnownFileType = sourcecode.swift; path = OnboardingReadyViewController.swift; sourceTree = "<group>"; };
/* End PBXFileReference section */

/* Begin PBXFrameworksBuildPhase section */
		00334CC11FBDCB86000AE100 /* Frameworks */ = {
			isa = PBXFrameworksBuildPhase;
			buildActionMask = 2147483647;
			files = (
			);
			runOnlyForDeploymentPostprocessing = 0;
		};
		00AEE4C71F6ADC6800B10697 /* Frameworks */ = {
			isa = PBXFrameworksBuildPhase;
			buildActionMask = 2147483647;
			files = (
			);
			runOnlyForDeploymentPostprocessing = 0;
		};
/* End PBXFrameworksBuildPhase section */

/* Begin PBXGroup section */
		001230091F9F9090008CCB68 /* Onboarding */ = {
			isa = PBXGroup;
			children = (
				0012300A1F9F977D008CCB68 /* OnboardingWelcomeViewController.swift */,
				0012300C1F9F9A79008CCB68 /* OnboardingTechViewController.swift */,
				001033F11F91127D00A5072B /* OnboardingLocationViewController.swift */,
				004B22371F91605300B16633 /* OnboardingPushViewController.swift */,
				00FED6C01F9FA00C007A65A1 /* OnboardingReadyViewController.swift */,
				0045FC041F8FBF77002EEB15 /* OnboardingPager.swift */,
			);
			path = Onboarding;
			sourceTree = "<group>";
		};
		0030CFBA1F7033B200E021E8 /* Model */ = {
			isa = PBXGroup;
			children = (
				002F31011F6B1856003E5133 /* Bag.swift */,
				002F31051F6B3479003E5133 /* DataModel.swift */,
			);
			path = Model;
			sourceTree = "<group>";
		};
		0030CFBB1F7033D500E021E8 /* View Controllers */ = {
			isa = PBXGroup;
			children = (
				002F30FF1F6B166F003E5133 /* BagsTableViewController.swift */,
				00EA38531F730E9A00CDA981 /* BagCell.swift */,
				002F31031F6B2D3E003E5133 /* BagDetailTableViewController.swift */,
				001230091F9F9090008CCB68 /* Onboarding */,
			);
			path = "View Controllers";
			sourceTree = "<group>";
		};
		0030CFBC1F70340400E021E8 /* Resources */ = {
			isa = PBXGroup;
			children = (
				00AEE4D11F6ADC6900B10697 /* Main.storyboard */,
				000463DF1F8BD24600DF709F /* Helpers.swift */,
				00110A351F81475F00247EBC /* Alarm.wav */,
				00AEE4D41F6ADC6900B10697 /* Assets.xcassets */,
				00AEE4D91F6ADC6900B10697 /* Info.plist */,
				008A01671F87F051007A1E7E /* Localizable.strings */,
			);
			path = Resources;
			sourceTree = "<group>";
		};
		00334CC51FBDCB86000AE100 /* BagTrackTests */ = {
			isa = PBXGroup;
			children = (
				00334CC61FBDCB86000AE100 /* BagsTableViewControllerTests.swift */,
				00334CC81FBDCB86000AE100 /* Info.plist */,
			);
			path = BagTrackTests;
			sourceTree = "<group>";
		};
		00AEE4C11F6ADC6800B10697 = {
			isa = PBXGroup;
			children = (
				00AEE4CC1F6ADC6800B10697 /* BagTrack */,
				00334CC51FBDCB86000AE100 /* BagTrackTests */,
				00AEE4CB1F6ADC6800B10697 /* Products */,
			);
			sourceTree = "<group>";
		};
		00AEE4CB1F6ADC6800B10697 /* Products */ = {
			isa = PBXGroup;
			children = (
				00AEE4CA1F6ADC6800B10697 /* BagTrack.app */,
				00334CC41FBDCB86000AE100 /* BagTrackTests.xctest */,
			);
			name = Products;
			sourceTree = "<group>";
		};
		00AEE4CC1F6ADC6800B10697 /* BagTrack */ = {
			isa = PBXGroup;
			children = (
				00AEE4CD1F6ADC6800B10697 /* AppDelegate.swift */,
				0030CFBA1F7033B200E021E8 /* Model */,
				0030CFBB1F7033D500E021E8 /* View Controllers */,
				0030CFBC1F70340400E021E8 /* Resources */,
			);
			path = BagTrack;
			sourceTree = "<group>";
		};
/* End PBXGroup section */

/* Begin PBXNativeTarget section */
		00334CC31FBDCB86000AE100 /* BagTrackTests */ = {
			isa = PBXNativeTarget;
			buildConfigurationList = 00334CCD1FBDCB86000AE100 /* Build configuration list for PBXNativeTarget "BagTrackTests" */;
			buildPhases = (
				00334CC01FBDCB86000AE100 /* Sources */,
				00334CC11FBDCB86000AE100 /* Frameworks */,
				00334CC21FBDCB86000AE100 /* Resources */,
			);
			buildRules = (
			);
			dependencies = (
				00334CCA1FBDCB86000AE100 /* PBXTargetDependency */,
			);
			name = BagTrackTests;
			productName = BagTrackTests;
			productReference = 00334CC41FBDCB86000AE100 /* BagTrackTests.xctest */;
			productType = "com.apple.product-type.bundle.unit-test";
		};
		00AEE4C91F6ADC6800B10697 /* BagTrack */ = {
			isa = PBXNativeTarget;
			buildConfigurationList = 00AEE4DC1F6ADC6900B10697 /* Build configuration list for PBXNativeTarget "BagTrack" */;
			buildPhases = (
				00AEE4C61F6ADC6800B10697 /* Sources */,
				00AEE4C71F6ADC6800B10697 /* Frameworks */,
				00AEE4C81F6ADC6800B10697 /* Resources */,
			);
			buildRules = (
			);
			dependencies = (
			);
			name = BagTrack;
			productName = BagTrack;
			productReference = 00AEE4CA1F6ADC6800B10697 /* BagTrack.app */;
			productType = "com.apple.product-type.application";
		};
/* End PBXNativeTarget section */

/* Begin PBXProject section */
		00AEE4C21F6ADC6800B10697 /* Project object */ = {
			isa = PBXProject;
			attributes = {
				LastSwiftUpdateCheck = 0920;
				LastUpgradeCheck = 0900;
				ORGANIZATIONNAME = "Robin Kipp";
				TargetAttributes = {
					00334CC31FBDCB86000AE100 = {
						CreatedOnToolsVersion = 9.2;
						ProvisioningStyle = Automatic;
						TestTargetID = 00AEE4C91F6ADC6800B10697;
					};
					00AEE4C91F6ADC6800B10697 = {
						CreatedOnToolsVersion = 9.0;
						ProvisioningStyle = Automatic;
						SystemCapabilities = {
							com.apple.BackgroundModes = {
								enabled = 0;
							};
						};
					};
				};
			};
			buildConfigurationList = 00AEE4C51F6ADC6800B10697 /* Build configuration list for PBXProject "BagTrack" */;
			compatibilityVersion = "Xcode 8.0";
			developmentRegion = en;
			hasScannedForEncodings = 0;
			knownRegions = (
				en,
				Base,
				de,
			);
			mainGroup = 00AEE4C11F6ADC6800B10697;
			productRefGroup = 00AEE4CB1F6ADC6800B10697 /* Products */;
			projectDirPath = "";
			projectRoot = "";
			targets = (
				00AEE4C91F6ADC6800B10697 /* BagTrack */,
				00334CC31FBDCB86000AE100 /* BagTrackTests */,
			);
		};
/* End PBXProject section */

/* Begin PBXResourcesBuildPhase section */
		00334CC21FBDCB86000AE100 /* Resources */ = {
			isa = PBXResourcesBuildPhase;
			buildActionMask = 2147483647;
			files = (
			);
			runOnlyForDeploymentPostprocessing = 0;
		};
		00AEE4C81F6ADC6800B10697 /* Resources */ = {
			isa = PBXResourcesBuildPhase;
			buildActionMask = 2147483647;
			files = (
				008A01651F87F051007A1E7E /* Localizable.strings in Resources */,
				00AEE4D51F6ADC6900B10697 /* Assets.xcassets in Resources */,
				00110A361F81475F00247EBC /* Alarm.wav in Resources */,
				00AEE4D31F6ADC6900B10697 /* Main.storyboard in Resources */,
			);
			runOnlyForDeploymentPostprocessing = 0;
		};
/* End PBXResourcesBuildPhase section */

/* Begin PBXSourcesBuildPhase section */
		00334CC01FBDCB86000AE100 /* Sources */ = {
			isa = PBXSourcesBuildPhase;
			buildActionMask = 2147483647;
			files = (
				00334CC71FBDCB86000AE100 /* BagsTableViewControllerTests.swift in Sources */,
			);
			runOnlyForDeploymentPostprocessing = 0;
		};
		00AEE4C61F6ADC6800B10697 /* Sources */ = {
			isa = PBXSourcesBuildPhase;
			buildActionMask = 2147483647;
			files = (
				00EA38541F730E9A00CDA981 /* BagCell.swift in Sources */,
				001033F21F91127D00A5072B /* OnboardingLocationViewController.swift in Sources */,
				000463E01F8BD24600DF709F /* Helpers.swift in Sources */,
				0045FC051F8FBF77002EEB15 /* OnboardingPager.swift in Sources */,
				002F31061F6B3479003E5133 /* DataModel.swift in Sources */,
				002F31001F6B166F003E5133 /* BagsTableViewController.swift in Sources */,
				0012300B1F9F977D008CCB68 /* OnboardingWelcomeViewController.swift in Sources */,
				002F31041F6B2D3E003E5133 /* BagDetailTableViewController.swift in Sources */,
				002F31021F6B1856003E5133 /* Bag.swift in Sources */,
				00AEE4CE1F6ADC6800B10697 /* AppDelegate.swift in Sources */,
				004B22381F91605300B16633 /* OnboardingPushViewController.swift in Sources */,
				0012300D1F9F9A79008CCB68 /* OnboardingTechViewController.swift in Sources */,
				00FED6C11F9FA00C007A65A1 /* OnboardingReadyViewController.swift in Sources */,
			);
			runOnlyForDeploymentPostprocessing = 0;
		};
/* End PBXSourcesBuildPhase section */

/* Begin PBXTargetDependency section */
		00334CCA1FBDCB86000AE100 /* PBXTargetDependency */ = {
			isa = PBXTargetDependency;
			target = 00AEE4C91F6ADC6800B10697 /* BagTrack */;
			targetProxy = 00334CC91FBDCB86000AE100 /* PBXContainerItemProxy */;
		};
/* End PBXTargetDependency section */

/* Begin PBXVariantGroup section */
		008A01671F87F051007A1E7E /* Localizable.strings */ = {
			isa = PBXVariantGroup;
			children = (
				008A01661F87F051007A1E7E /* en */,
				008A01681F87F0BC007A1E7E /* de */,
			);
			name = Localizable.strings;
			sourceTree = "<group>";
		};
		00AEE4D11F6ADC6900B10697 /* Main.storyboard */ = {
			isa = PBXVariantGroup;
			children = (
				00AEE4D21F6ADC6900B10697 /* Base */,
				003A75C41F9A8A5A00C95064 /* de */,
			);
			name = Main.storyboard;
			sourceTree = "<group>";
		};
/* End PBXVariantGroup section */

/* Begin XCBuildConfiguration section */
		00334CCB1FBDCB86000AE100 /* Debug */ = {
			isa = XCBuildConfiguration;
			buildSettings = {
				BUNDLE_LOADER = "$(TEST_HOST)";
				CODE_SIGN_STYLE = Automatic;
				DEVELOPMENT_TEAM = R7N26279M7;
				INFOPLIST_FILE = BagTrackTests/Info.plist;
				IPHONEOS_DEPLOYMENT_TARGET = 11.2;
				LD_RUNPATH_SEARCH_PATHS = "$(inherited) @executable_path/Frameworks @loader_path/Frameworks";
				PRODUCT_BUNDLE_IDENTIFIER = "net.robin-kipp.BagTrackTests";
				PRODUCT_NAME = "$(TARGET_NAME)";
				SWIFT_VERSION = 4.0;
				TARGETED_DEVICE_FAMILY = "1,2";
				TEST_HOST = "$(BUILT_PRODUCTS_DIR)/BagTrack.app/BagTrack";
			};
			name = Debug;
		};
		00334CCC1FBDCB86000AE100 /* Release */ = {
			isa = XCBuildConfiguration;
			buildSettings = {
				BUNDLE_LOADER = "$(TEST_HOST)";
				CODE_SIGN_STYLE = Automatic;
				DEVELOPMENT_TEAM = R7N26279M7;
				INFOPLIST_FILE = BagTrackTests/Info.plist;
				IPHONEOS_DEPLOYMENT_TARGET = 11.2;
				LD_RUNPATH_SEARCH_PATHS = "$(inherited) @executable_path/Frameworks @loader_path/Frameworks";
				PRODUCT_BUNDLE_IDENTIFIER = "net.robin-kipp.BagTrackTests";
				PRODUCT_NAME = "$(TARGET_NAME)";
				SWIFT_VERSION = 4.0;
				TARGETED_DEVICE_FAMILY = "1,2";
				TEST_HOST = "$(BUILT_PRODUCTS_DIR)/BagTrack.app/BagTrack";
			};
			name = Release;
		};
		00AEE4DA1F6ADC6900B10697 /* Debug */ = {
			isa = XCBuildConfiguration;
			buildSettings = {
				ALWAYS_SEARCH_USER_PATHS = NO;
				CLANG_ANALYZER_LOCALIZABILITY_NONLOCALIZED = YES;
				CLANG_ANALYZER_NONNULL = YES;
				CLANG_ANALYZER_NUMBER_OBJECT_CONVERSION = YES_AGGRESSIVE;
				CLANG_CXX_LANGUAGE_STANDARD = "gnu++14";
				CLANG_CXX_LIBRARY = "libc++";
				CLANG_ENABLE_MODULES = YES;
				CLANG_ENABLE_OBJC_ARC = YES;
				CLANG_WARN_BLOCK_CAPTURE_AUTORELEASING = YES;
				CLANG_WARN_BOOL_CONVERSION = YES;
				CLANG_WARN_COMMA = YES;
				CLANG_WARN_CONSTANT_CONVERSION = YES;
				CLANG_WARN_DIRECT_OBJC_ISA_USAGE = YES_ERROR;
				CLANG_WARN_DOCUMENTATION_COMMENTS = YES;
				CLANG_WARN_EMPTY_BODY = YES;
				CLANG_WARN_ENUM_CONVERSION = YES;
				CLANG_WARN_INFINITE_RECURSION = YES;
				CLANG_WARN_INT_CONVERSION = YES;
				CLANG_WARN_NON_LITERAL_NULL_CONVERSION = YES;
				CLANG_WARN_OBJC_LITERAL_CONVERSION = YES;
				CLANG_WARN_OBJC_ROOT_CLASS = YES_ERROR;
				CLANG_WARN_RANGE_LOOP_ANALYSIS = YES;
				CLANG_WARN_STRICT_PROTOTYPES = YES;
				CLANG_WARN_SUSPICIOUS_MOVE = YES;
				CLANG_WARN_UNGUARDED_AVAILABILITY = YES_AGGRESSIVE;
				CLANG_WARN_UNREACHABLE_CODE = YES;
				CLANG_WARN__DUPLICATE_METHOD_MATCH = YES;
				CODE_SIGN_IDENTITY = "iPhone Developer";
				COPY_PHASE_STRIP = NO;
				DEBUG_INFORMATION_FORMAT = dwarf;
				ENABLE_STRICT_OBJC_MSGSEND = YES;
				ENABLE_TESTABILITY = YES;
				GCC_C_LANGUAGE_STANDARD = gnu11;
				GCC_DYNAMIC_NO_PIC = NO;
				GCC_NO_COMMON_BLOCKS = YES;
				GCC_OPTIMIZATION_LEVEL = 0;
				GCC_PREPROCESSOR_DEFINITIONS = (
					"DEBUG=1",
					"$(inherited)",
				);
				GCC_WARN_64_TO_32_BIT_CONVERSION = YES;
				GCC_WARN_ABOUT_RETURN_TYPE = YES_ERROR;
				GCC_WARN_UNDECLARED_SELECTOR = YES;
				GCC_WARN_UNINITIALIZED_AUTOS = YES_AGGRESSIVE;
				GCC_WARN_UNUSED_FUNCTION = YES;
				GCC_WARN_UNUSED_VARIABLE = YES;
				IPHONEOS_DEPLOYMENT_TARGET = 11.0;
				MTL_ENABLE_DEBUG_INFO = YES;
				ONLY_ACTIVE_ARCH = YES;
				SDKROOT = iphoneos;
				SWIFT_ACTIVE_COMPILATION_CONDITIONS = DEBUG;
				SWIFT_OPTIMIZATION_LEVEL = "-Onone";
			};
			name = Debug;
		};
		00AEE4DB1F6ADC6900B10697 /* Release */ = {
			isa = XCBuildConfiguration;
			buildSettings = {
				ALWAYS_SEARCH_USER_PATHS = NO;
				CLANG_ANALYZER_LOCALIZABILITY_NONLOCALIZED = YES;
				CLANG_ANALYZER_NONNULL = YES;
				CLANG_ANALYZER_NUMBER_OBJECT_CONVERSION = YES_AGGRESSIVE;
				CLANG_CXX_LANGUAGE_STANDARD = "gnu++14";
				CLANG_CXX_LIBRARY = "libc++";
				CLANG_ENABLE_MODULES = YES;
				CLANG_ENABLE_OBJC_ARC = YES;
				CLANG_WARN_BLOCK_CAPTURE_AUTORELEASING = YES;
				CLANG_WARN_BOOL_CONVERSION = YES;
				CLANG_WARN_COMMA = YES;
				CLANG_WARN_CONSTANT_CONVERSION = YES;
				CLANG_WARN_DIRECT_OBJC_ISA_USAGE = YES_ERROR;
				CLANG_WARN_DOCUMENTATION_COMMENTS = YES;
				CLANG_WARN_EMPTY_BODY = YES;
				CLANG_WARN_ENUM_CONVERSION = YES;
				CLANG_WARN_INFINITE_RECURSION = YES;
				CLANG_WARN_INT_CONVERSION = YES;
				CLANG_WARN_NON_LITERAL_NULL_CONVERSION = YES;
				CLANG_WARN_OBJC_LITERAL_CONVERSION = YES;
				CLANG_WARN_OBJC_ROOT_CLASS = YES_ERROR;
				CLANG_WARN_RANGE_LOOP_ANALYSIS = YES;
				CLANG_WARN_STRICT_PROTOTYPES = YES;
				CLANG_WARN_SUSPICIOUS_MOVE = YES;
				CLANG_WARN_UNGUARDED_AVAILABILITY = YES_AGGRESSIVE;
				CLANG_WARN_UNREACHABLE_CODE = YES;
				CLANG_WARN__DUPLICATE_METHOD_MATCH = YES;
				CODE_SIGN_IDENTITY = "iPhone Developer";
				COPY_PHASE_STRIP = NO;
				DEBUG_INFORMATION_FORMAT = "dwarf-with-dsym";
				ENABLE_NS_ASSERTIONS = NO;
				ENABLE_STRICT_OBJC_MSGSEND = YES;
				GCC_C_LANGUAGE_STANDARD = gnu11;
				GCC_NO_COMMON_BLOCKS = YES;
				GCC_WARN_64_TO_32_BIT_CONVERSION = YES;
				GCC_WARN_ABOUT_RETURN_TYPE = YES_ERROR;
				GCC_WARN_UNDECLARED_SELECTOR = YES;
				GCC_WARN_UNINITIALIZED_AUTOS = YES_AGGRESSIVE;
				GCC_WARN_UNUSED_FUNCTION = YES;
				GCC_WARN_UNUSED_VARIABLE = YES;
				IPHONEOS_DEPLOYMENT_TARGET = 11.0;
				MTL_ENABLE_DEBUG_INFO = NO;
				SDKROOT = iphoneos;
				SWIFT_OPTIMIZATION_LEVEL = "-Owholemodule";
				VALIDATE_PRODUCT = YES;
			};
			name = Release;
		};
		00AEE4DD1F6ADC6900B10697 /* Debug */ = {
			isa = XCBuildConfiguration;
			buildSettings = {
				ASSETCATALOG_COMPILER_APPICON_NAME = AppIcon;
				CODE_SIGN_STYLE = Automatic;
				DEVELOPMENT_TEAM = R7N26279M7;
				INFOPLIST_FILE = "$(SRCROOT)/BagTrack/Resources/Info.plist";
				LD_RUNPATH_SEARCH_PATHS = "$(inherited) @executable_path/Frameworks";
				PRODUCT_BUNDLE_IDENTIFIER = "net.robin-kipp.BagTrack";
				PRODUCT_NAME = "$(TARGET_NAME)";
				SWIFT_VERSION = 4.0;
				TARGETED_DEVICE_FAMILY = 1;
			};
			name = Debug;
		};
		00AEE4DE1F6ADC6900B10697 /* Release */ = {
			isa = XCBuildConfiguration;
			buildSettings = {
				ASSETCATALOG_COMPILER_APPICON_NAME = AppIcon;
				CODE_SIGN_STYLE = Automatic;
				DEVELOPMENT_TEAM = R7N26279M7;
				INFOPLIST_FILE = "$(SRCROOT)/BagTrack/Resources/Info.plist";
				LD_RUNPATH_SEARCH_PATHS = "$(inherited) @executable_path/Frameworks";
				PRODUCT_BUNDLE_IDENTIFIER = "net.robin-kipp.BagTrack";
				PRODUCT_NAME = "$(TARGET_NAME)";
				SWIFT_VERSION = 4.0;
				TARGETED_DEVICE_FAMILY = 1;
			};
			name = Release;
		};
/* End XCBuildConfiguration section */

/* Begin XCConfigurationList section */
		00334CCD1FBDCB86000AE100 /* Build configuration list for PBXNativeTarget "BagTrackTests" */ = {
			isa = XCConfigurationList;
			buildConfigurations = (
				00334CCB1FBDCB86000AE100 /* Debug */,
				00334CCC1FBDCB86000AE100 /* Release */,
			);
			defaultConfigurationIsVisible = 0;
			defaultConfigurationName = Release;
		};
		00AEE4C51F6ADC6800B10697 /* Build configuration list for PBXProject "BagTrack" */ = {
			isa = XCConfigurationList;
			buildConfigurations = (
				00AEE4DA1F6ADC6900B10697 /* Debug */,
				00AEE4DB1F6ADC6900B10697 /* Release */,
			);
			defaultConfigurationIsVisible = 0;
			defaultConfigurationName = Release;
		};
		00AEE4DC1F6ADC6900B10697 /* Build configuration list for PBXNativeTarget "BagTrack" */ = {
			isa = XCConfigurationList;
			buildConfigurations = (
				00AEE4DD1F6ADC6900B10697 /* Debug */,
				00AEE4DE1F6ADC6900B10697 /* Release */,
			);
			defaultConfigurationIsVisible = 0;
			defaultConfigurationName = Release;
		};
/* End XCConfigurationList section */
	};
	rootObject = 00AEE4C21F6ADC6800B10697 /* Project object */;
}
